// !$*UTF8*$!
{
	archiveVersion = 1;
	classes = {
	};
	objectVersion = 50;
	objects = {

/* Begin PBXBuildFile section */
		EE21FD412388119500476A4A /* AppDelegate.swift in Sources */ = {isa = PBXBuildFile; fileRef = EE21FD402388119500476A4A /* AppDelegate.swift */; };
		EE21FD4A2388119800476A4A /* Assets.xcassets in Resources */ = {isa = PBXBuildFile; fileRef = EE21FD492388119800476A4A /* Assets.xcassets */; };
		EE21FD582388119800476A4A /* DevigetTestTests.swift in Sources */ = {isa = PBXBuildFile; fileRef = EE21FD572388119800476A4A /* DevigetTestTests.swift */; };
		EE21FD73238812AA00476A4A /* LaunchScreen.storyboard in Resources */ = {isa = PBXBuildFile; fileRef = EE21FD66238812AA00476A4A /* LaunchScreen.storyboard */; };
		EE21FD74238812AA00476A4A /* Main.storyboard in Resources */ = {isa = PBXBuildFile; fileRef = EE21FD68238812AA00476A4A /* Main.storyboard */; };
		EE21FD76238812D000476A4A /* MasterViewController.swift in Sources */ = {isa = PBXBuildFile; fileRef = EE21FD75238812D000476A4A /* MasterViewController.swift */; };
		EE21FD78238812DC00476A4A /* DetailsViewController.swift in Sources */ = {isa = PBXBuildFile; fileRef = EE21FD77238812DC00476A4A /* DetailsViewController.swift */; };
		EE21FD7A238813A600476A4A /* Masterwireframe.swift in Sources */ = {isa = PBXBuildFile; fileRef = EE21FD79238813A600476A4A /* Masterwireframe.swift */; };
		EE21FD7C238813B100476A4A /* DetailsWireframe.swift in Sources */ = {isa = PBXBuildFile; fileRef = EE21FD7B238813B100476A4A /* DetailsWireframe.swift */; };
		EE21FD7E238813BA00476A4A /* DetailsPresenter.swift in Sources */ = {isa = PBXBuildFile; fileRef = EE21FD7D238813BA00476A4A /* DetailsPresenter.swift */; };
		EE21FD80238813C400476A4A /* MasterPresenter.swift in Sources */ = {isa = PBXBuildFile; fileRef = EE21FD7F238813C400476A4A /* MasterPresenter.swift */; };
		EE21FD82238813CF00476A4A /* NetworkInterface.swift in Sources */ = {isa = PBXBuildFile; fileRef = EE21FD81238813CF00476A4A /* NetworkInterface.swift */; };
		EE21FD84238813DA00476A4A /* RedditRepository.swift in Sources */ = {isa = PBXBuildFile; fileRef = EE21FD83238813DA00476A4A /* RedditRepository.swift */; };
		EE21FD86238813E400476A4A /* RedditPost.swift in Sources */ = {isa = PBXBuildFile; fileRef = EE21FD85238813E400476A4A /* RedditPost.swift */; };
		EE21FD88238813ED00476A4A /* Placeholder.swift in Sources */ = {isa = PBXBuildFile; fileRef = EE21FD87238813ED00476A4A /* Placeholder.swift */; };
		EE6F71812387E24B00A57277 /* PostTableViewCell.swift in Sources */ = {isa = PBXBuildFile; fileRef = EE6F71802387E24B00A57277 /* PostTableViewCell.swift */; };
		EE6F71832387E36700A57277 /* NetworkManager.swift in Sources */ = {isa = PBXBuildFile; fileRef = EE6F71822387E36700A57277 /* NetworkManager.swift */; };
		EE6F71852387E37900A57277 /* API.swift in Sources */ = {isa = PBXBuildFile; fileRef = EE6F71842387E37900A57277 /* API.swift */; };
		EE6F71872387E7EF00A57277 /* RedditList.swift in Sources */ = {isa = PBXBuildFile; fileRef = EE6F71862387E7EF00A57277 /* RedditList.swift */; };
/* End PBXBuildFile section */

/* Begin PBXContainerItemProxy section */
		EE21FD542388119800476A4A /* PBXContainerItemProxy */ = {
			isa = PBXContainerItemProxy;
			containerPortal = EE21FD352388119500476A4A /* Project object */;
			proxyType = 1;
			remoteGlobalIDString = EE21FD3C2388119500476A4A;
			remoteInfo = DevigetTest;
		};
/* End PBXContainerItemProxy section */

/* Begin PBXFileReference section */
		EE21FD3D2388119500476A4A /* DevigetTest.app */ = {isa = PBXFileReference; explicitFileType = wrapper.application; includeInIndex = 0; path = DevigetTest.app; sourceTree = BUILT_PRODUCTS_DIR; };
		EE21FD402388119500476A4A /* AppDelegate.swift */ = {isa = PBXFileReference; lastKnownFileType = sourcecode.swift; path = AppDelegate.swift; sourceTree = "<group>"; };
		EE21FD492388119800476A4A /* Assets.xcassets */ = {isa = PBXFileReference; lastKnownFileType = folder.assetcatalog; path = Assets.xcassets; sourceTree = "<group>"; };
		EE21FD4E2388119800476A4A /* Info.plist */ = {isa = PBXFileReference; lastKnownFileType = text.plist.xml; path = Info.plist; sourceTree = "<group>"; };
		EE21FD532388119800476A4A /* DevigetTestTests.xctest */ = {isa = PBXFileReference; explicitFileType = wrapper.cfbundle; includeInIndex = 0; path = DevigetTestTests.xctest; sourceTree = BUILT_PRODUCTS_DIR; };
		EE21FD572388119800476A4A /* DevigetTestTests.swift */ = {isa = PBXFileReference; lastKnownFileType = sourcecode.swift; path = DevigetTestTests.swift; sourceTree = "<group>"; };
		EE21FD592388119800476A4A /* Info.plist */ = {isa = PBXFileReference; lastKnownFileType = text.plist.xml; path = Info.plist; sourceTree = "<group>"; };
		EE21FD67238812AA00476A4A /* Base */ = {isa = PBXFileReference; lastKnownFileType = file.storyboard; name = Base; path = Base.lproj/LaunchScreen.storyboard; sourceTree = "<group>"; };
		EE21FD69238812AA00476A4A /* Base */ = {isa = PBXFileReference; lastKnownFileType = file.storyboard; name = Base; path = Base.lproj/Main.storyboard; sourceTree = "<group>"; };
		EE21FD75238812D000476A4A /* MasterViewController.swift */ = {isa = PBXFileReference; lastKnownFileType = sourcecode.swift; path = MasterViewController.swift; sourceTree = "<group>"; };
		EE21FD77238812DC00476A4A /* DetailsViewController.swift */ = {isa = PBXFileReference; lastKnownFileType = sourcecode.swift; path = DetailsViewController.swift; sourceTree = "<group>"; };
		EE21FD79238813A600476A4A /* Masterwireframe.swift */ = {isa = PBXFileReference; lastKnownFileType = sourcecode.swift; path = Masterwireframe.swift; sourceTree = "<group>"; };
		EE21FD7B238813B100476A4A /* DetailsWireframe.swift */ = {isa = PBXFileReference; lastKnownFileType = sourcecode.swift; path = DetailsWireframe.swift; sourceTree = "<group>"; };
		EE21FD7D238813BA00476A4A /* DetailsPresenter.swift */ = {isa = PBXFileReference; lastKnownFileType = sourcecode.swift; path = DetailsPresenter.swift; sourceTree = "<group>"; };
		EE21FD7F238813C400476A4A /* MasterPresenter.swift */ = {isa = PBXFileReference; lastKnownFileType = sourcecode.swift; path = MasterPresenter.swift; sourceTree = "<group>"; };
		EE21FD81238813CF00476A4A /* NetworkInterface.swift */ = {isa = PBXFileReference; lastKnownFileType = sourcecode.swift; path = NetworkInterface.swift; sourceTree = "<group>"; };
		EE21FD83238813DA00476A4A /* RedditRepository.swift */ = {isa = PBXFileReference; lastKnownFileType = sourcecode.swift; path = RedditRepository.swift; sourceTree = "<group>"; };
		EE21FD85238813E400476A4A /* RedditPost.swift */ = {isa = PBXFileReference; lastKnownFileType = sourcecode.swift; path = RedditPost.swift; sourceTree = "<group>"; };
		EE21FD87238813ED00476A4A /* Placeholder.swift */ = {isa = PBXFileReference; lastKnownFileType = sourcecode.swift; path = Placeholder.swift; sourceTree = "<group>"; };
		EE6F71802387E24B00A57277 /* PostTableViewCell.swift */ = {isa = PBXFileReference; fileEncoding = 4; lastKnownFileType = sourcecode.swift; path = PostTableViewCell.swift; sourceTree = "<group>"; };
		EE6F71822387E36700A57277 /* NetworkManager.swift */ = {isa = PBXFileReference; lastKnownFileType = sourcecode.swift; path = NetworkManager.swift; sourceTree = "<group>"; };
		EE6F71842387E37900A57277 /* API.swift */ = {isa = PBXFileReference; lastKnownFileType = sourcecode.swift; path = API.swift; sourceTree = "<group>"; };
		EE6F71862387E7EF00A57277 /* RedditList.swift */ = {isa = PBXFileReference; lastKnownFileType = sourcecode.swift; path = RedditList.swift; sourceTree = "<group>"; };
/* End PBXFileReference section */

/* Begin PBXFrameworksBuildPhase section */
		EE21FD3A2388119500476A4A /* Frameworks */ = {
			isa = PBXFrameworksBuildPhase;
			buildActionMask = 2147483647;
			files = (
			);
			runOnlyForDeploymentPostprocessing = 0;
		};
		EE21FD502388119800476A4A /* Frameworks */ = {
			isa = PBXFrameworksBuildPhase;
			buildActionMask = 2147483647;
			files = (
			);
			runOnlyForDeploymentPostprocessing = 0;
		};
/* End PBXFrameworksBuildPhase section */

/* Begin PBXGroup section */
		EE21FD342388119500476A4A = {
			isa = PBXGroup;
			children = (
				EE21FD3F2388119500476A4A /* DevigetTest */,
				EE21FD562388119800476A4A /* DevigetTestTests */,
				EE21FD3E2388119500476A4A /* Products */,
			);
			sourceTree = "<group>";
		};
		EE21FD3E2388119500476A4A /* Products */ = {
			isa = PBXGroup;
			children = (
				EE21FD3D2388119500476A4A /* DevigetTest.app */,
				EE21FD532388119800476A4A /* DevigetTestTests.xctest */,
			);
			name = Products;
			sourceTree = "<group>";
		};
		EE21FD3F2388119500476A4A /* DevigetTest */ = {
			isa = PBXGroup;
			children = (
				EE21FD402388119500476A4A /* AppDelegate.swift */,
				EE21FD72238812AA00476A4A /* Additions */,
				EE21FD63238812AA00476A4A /* Models */,
				EE21FD65238812AA00476A4A /* Modules */,
				EE21FD62238812AA00476A4A /* Network */,
				EE21FD64238812AA00476A4A /* Repositories */,
				EE21FD492388119800476A4A /* Assets.xcassets */,
				EE21FD4E2388119800476A4A /* Info.plist */,
			);
			path = DevigetTest;
			sourceTree = "<group>";
		};
		EE21FD562388119800476A4A /* DevigetTestTests */ = {
			isa = PBXGroup;
			children = (
				EE21FD572388119800476A4A /* DevigetTestTests.swift */,
				EE21FD592388119800476A4A /* Info.plist */,
			);
			path = DevigetTestTests;
			sourceTree = "<group>";
		};
		EE21FD62238812AA00476A4A /* Network */ = {
			isa = PBXGroup;
			children = (
				EE21FD81238813CF00476A4A /* NetworkInterface.swift */,
				EE6F71822387E36700A57277 /* NetworkManager.swift */,
				EE6F71842387E37900A57277 /* API.swift */,
			);
			path = Network;
			sourceTree = "<group>";
		};
		EE21FD63238812AA00476A4A /* Models */ = {
			isa = PBXGroup;
			children = (
				EE21FD85238813E400476A4A /* RedditPost.swift */,
				EE6F71862387E7EF00A57277 /* RedditList.swift */,
			);
			path = Models;
			sourceTree = "<group>";
		};
		EE21FD64238812AA00476A4A /* Repositories */ = {
			isa = PBXGroup;
			children = (
				EE21FD83238813DA00476A4A /* RedditRepository.swift */,
			);
			path = Repositories;
			sourceTree = "<group>";
		};
		EE21FD65238812AA00476A4A /* Modules */ = {
			isa = PBXGroup;
			children = (
				EE21FD66238812AA00476A4A /* LaunchScreen.storyboard */,
				EE21FD68238812AA00476A4A /* Main.storyboard */,
				EE21FD6A238812AA00476A4A /* Detail */,
				EE21FD6E238812AA00476A4A /* Master */,
			);
			path = Modules;
			sourceTree = "<group>";
		};
		EE21FD6A238812AA00476A4A /* Detail */ = {
			isa = PBXGroup;
			children = (
				EE21FD6B238812AA00476A4A /* Presenter */,
				EE21FD6C238812AA00476A4A /* Wireframe */,
				EE21FD6D238812AA00476A4A /* View */,
			);
			path = Detail;
			sourceTree = "<group>";
		};
		EE21FD6B238812AA00476A4A /* Presenter */ = {
			isa = PBXGroup;
			children = (
				EE21FD7D238813BA00476A4A /* DetailsPresenter.swift */,
			);
			path = Presenter;
			sourceTree = "<group>";
		};
		EE21FD6C238812AA00476A4A /* Wireframe */ = {
			isa = PBXGroup;
			children = (
				EE21FD7B238813B100476A4A /* DetailsWireframe.swift */,
			);
			path = Wireframe;
			sourceTree = "<group>";
		};
		EE21FD6D238812AA00476A4A /* View */ = {
			isa = PBXGroup;
			children = (
				EE21FD77238812DC00476A4A /* DetailsViewController.swift */,
			);
			path = View;
			sourceTree = "<group>";
		};
		EE21FD6E238812AA00476A4A /* Master */ = {
			isa = PBXGroup;
			children = (
				EE21FD6F238812AA00476A4A /* Presenter */,
				EE21FD70238812AA00476A4A /* Wireframe */,
				EE21FD71238812AA00476A4A /* View */,
			);
			path = Master;
			sourceTree = "<group>";
		};
		EE21FD6F238812AA00476A4A /* Presenter */ = {
			isa = PBXGroup;
			children = (
				EE21FD7F238813C400476A4A /* MasterPresenter.swift */,
			);
			path = Presenter;
			sourceTree = "<group>";
		};
		EE21FD70238812AA00476A4A /* Wireframe */ = {
			isa = PBXGroup;
			children = (
				EE21FD79238813A600476A4A /* Masterwireframe.swift */,
			);
			path = Wireframe;
			sourceTree = "<group>";
		};
		EE21FD71238812AA00476A4A /* View */ = {
			isa = PBXGroup;
			children = (
				EE6F717F2387E23700A57277 /* Cells */,
				EE21FD75238812D000476A4A /* MasterViewController.swift */,
			);
			path = View;
			sourceTree = "<group>";
		};
		EE21FD72238812AA00476A4A /* Additions */ = {
			isa = PBXGroup;
			children = (
				EE21FD87238813ED00476A4A /* Placeholder.swift */,
			);
			path = Additions;
			sourceTree = "<group>";
		};
		EE6F717F2387E23700A57277 /* Cells */ = {
			isa = PBXGroup;
			children = (
				EE6F71802387E24B00A57277 /* PostTableViewCell.swift */,
			);
			path = Cells;
			sourceTree = "<group>";
		};
/* End PBXGroup section */

/* Begin PBXNativeTarget section */
		EE21FD3C2388119500476A4A /* DevigetTest */ = {
			isa = PBXNativeTarget;
			buildConfigurationList = EE21FD5C2388119800476A4A /* Build configuration list for PBXNativeTarget "DevigetTest" */;
			buildPhases = (
				EE21FD392388119500476A4A /* Sources */,
				EE21FD3A2388119500476A4A /* Frameworks */,
				EE21FD3B2388119500476A4A /* Resources */,
			);
			buildRules = (
			);
			dependencies = (
			);
			name = DevigetTest;
			productName = DevigetTest;
			productReference = EE21FD3D2388119500476A4A /* DevigetTest.app */;
			productType = "com.apple.product-type.application";
		};
		EE21FD522388119800476A4A /* DevigetTestTests */ = {
			isa = PBXNativeTarget;
			buildConfigurationList = EE21FD5F2388119800476A4A /* Build configuration list for PBXNativeTarget "DevigetTestTests" */;
			buildPhases = (
				EE21FD4F2388119800476A4A /* Sources */,
				EE21FD502388119800476A4A /* Frameworks */,
				EE21FD512388119800476A4A /* Resources */,
			);
			buildRules = (
			);
			dependencies = (
				EE21FD552388119800476A4A /* PBXTargetDependency */,
			);
			name = DevigetTestTests;
			productName = DevigetTestTests;
			productReference = EE21FD532388119800476A4A /* DevigetTestTests.xctest */;
			productType = "com.apple.product-type.bundle.unit-test";
		};
/* End PBXNativeTarget section */

/* Begin PBXProject section */
		EE21FD352388119500476A4A /* Project object */ = {
			isa = PBXProject;
			attributes = {
				LastSwiftUpdateCheck = 1110;
				LastUpgradeCheck = 1110;
				ORGANIZATIONNAME = "Jorge Palacio";
				TargetAttributes = {
					EE21FD3C2388119500476A4A = {
						CreatedOnToolsVersion = 11.1;
					};
					EE21FD522388119800476A4A = {
						CreatedOnToolsVersion = 11.1;
						TestTargetID = EE21FD3C2388119500476A4A;
					};
				};
			};
			buildConfigurationList = EE21FD382388119500476A4A /* Build configuration list for PBXProject "DevigetTest" */;
			compatibilityVersion = "Xcode 9.3";
			developmentRegion = en;
			hasScannedForEncodings = 0;
			knownRegions = (
				en,
				Base,
			);
			mainGroup = EE21FD342388119500476A4A;
			productRefGroup = EE21FD3E2388119500476A4A /* Products */;
			projectDirPath = "";
			projectRoot = "";
			targets = (
				EE21FD3C2388119500476A4A /* DevigetTest */,
				EE21FD522388119800476A4A /* DevigetTestTests */,
			);
		};
/* End PBXProject section */

/* Begin PBXResourcesBuildPhase section */
		EE21FD3B2388119500476A4A /* Resources */ = {
			isa = PBXResourcesBuildPhase;
			buildActionMask = 2147483647;
			files = (
				EE21FD74238812AA00476A4A /* Main.storyboard in Resources */,
				EE21FD4A2388119800476A4A /* Assets.xcassets in Resources */,
				EE21FD73238812AA00476A4A /* LaunchScreen.storyboard in Resources */,
			);
			runOnlyForDeploymentPostprocessing = 0;
		};
		EE21FD512388119800476A4A /* Resources */ = {
			isa = PBXResourcesBuildPhase;
			buildActionMask = 2147483647;
			files = (
			);
			runOnlyForDeploymentPostprocessing = 0;
		};
/* End PBXResourcesBuildPhase section */

/* Begin PBXSourcesBuildPhase section */
		EE21FD392388119500476A4A /* Sources */ = {
			isa = PBXSourcesBuildPhase;
			buildActionMask = 2147483647;
			files = (
				EE21FD76238812D000476A4A /* MasterViewController.swift in Sources */,
				EE21FD412388119500476A4A /* AppDelegate.swift in Sources */,
				EE21FD7C238813B100476A4A /* DetailsWireframe.swift in Sources */,
				EE6F71832387E36700A57277 /* NetworkManager.swift in Sources */,
				EE21FD7A238813A600476A4A /* Masterwireframe.swift in Sources */,
				EE6F71872387E7EF00A57277 /* RedditList.swift in Sources */,
				EE21FD82238813CF00476A4A /* NetworkInterface.swift in Sources */,
				EE21FD86238813E400476A4A /* RedditPost.swift in Sources */,
				EE21FD78238812DC00476A4A /* DetailsViewController.swift in Sources */,
				EE6F71852387E37900A57277 /* API.swift in Sources */,
				EE21FD80238813C400476A4A /* MasterPresenter.swift in Sources */,
				EE21FD88238813ED00476A4A /* Placeholder.swift in Sources */,
				EE21FD7E238813BA00476A4A /* DetailsPresenter.swift in Sources */,
				EE21FD84238813DA00476A4A /* RedditRepository.swift in Sources */,
				EE6F71812387E24B00A57277 /* PostTableViewCell.swift in Sources */,
			);
			runOnlyForDeploymentPostprocessing = 0;
		};
		EE21FD4F2388119800476A4A /* Sources */ = {
			isa = PBXSourcesBuildPhase;
			buildActionMask = 2147483647;
			files = (
				EE21FD582388119800476A4A /* DevigetTestTests.swift in Sources */,
			);
			runOnlyForDeploymentPostprocessing = 0;
		};
/* End PBXSourcesBuildPhase section */

/* Begin PBXTargetDependency section */
		EE21FD552388119800476A4A /* PBXTargetDependency */ = {
			isa = PBXTargetDependency;
			target = EE21FD3C2388119500476A4A /* DevigetTest */;
			targetProxy = EE21FD542388119800476A4A /* PBXContainerItemProxy */;
		};
/* End PBXTargetDependency section */

/* Begin PBXVariantGroup section */
		EE21FD66238812AA00476A4A /* LaunchScreen.storyboard */ = {
			isa = PBXVariantGroup;
			children = (
				EE21FD67238812AA00476A4A /* Base */,
			);
			name = LaunchScreen.storyboard;
			sourceTree = "<group>";
		};
		EE21FD68238812AA00476A4A /* Main.storyboard */ = {
			isa = PBXVariantGroup;
			children = (
				EE21FD69238812AA00476A4A /* Base */,
			);
			name = Main.storyboard;
			sourceTree = "<group>";
		};
/* End PBXVariantGroup section */

/* Begin XCBuildConfiguration section */
		EE21FD5A2388119800476A4A /* Debug */ = {
			isa = XCBuildConfiguration;
			buildSettings = {
				ALWAYS_SEARCH_USER_PATHS = NO;
				CLANG_ANALYZER_NONNULL = YES;
				CLANG_ANALYZER_NUMBER_OBJECT_CONVERSION = YES_AGGRESSIVE;
				CLANG_CXX_LANGUAGE_STANDARD = "gnu++14";
				CLANG_CXX_LIBRARY = "libc++";
				CLANG_ENABLE_MODULES = YES;
				CLANG_ENABLE_OBJC_ARC = YES;
				CLANG_ENABLE_OBJC_WEAK = YES;
				CLANG_WARN_BLOCK_CAPTURE_AUTORELEASING = YES;
				CLANG_WARN_BOOL_CONVERSION = YES;
				CLANG_WARN_COMMA = YES;
				CLANG_WARN_CONSTANT_CONVERSION = YES;
				CLANG_WARN_DEPRECATED_OBJC_IMPLEMENTATIONS = YES;
				CLANG_WARN_DIRECT_OBJC_ISA_USAGE = YES_ERROR;
				CLANG_WARN_DOCUMENTATION_COMMENTS = YES;
				CLANG_WARN_EMPTY_BODY = YES;
				CLANG_WARN_ENUM_CONVERSION = YES;
				CLANG_WARN_INFINITE_RECURSION = YES;
				CLANG_WARN_INT_CONVERSION = YES;
				CLANG_WARN_NON_LITERAL_NULL_CONVERSION = YES;
				CLANG_WARN_OBJC_IMPLICIT_RETAIN_SELF = YES;
				CLANG_WARN_OBJC_LITERAL_CONVERSION = YES;
				CLANG_WARN_OBJC_ROOT_CLASS = YES_ERROR;
				CLANG_WARN_RANGE_LOOP_ANALYSIS = YES;
				CLANG_WARN_STRICT_PROTOTYPES = YES;
				CLANG_WARN_SUSPICIOUS_MOVE = YES;
				CLANG_WARN_UNGUARDED_AVAILABILITY = YES_AGGRESSIVE;
				CLANG_WARN_UNREACHABLE_CODE = YES;
				CLANG_WARN__DUPLICATE_METHOD_MATCH = YES;
				COPY_PHASE_STRIP = NO;
				DEBUG_INFORMATION_FORMAT = dwarf;
				ENABLE_STRICT_OBJC_MSGSEND = YES;
				ENABLE_TESTABILITY = YES;
				GCC_C_LANGUAGE_STANDARD = gnu11;
				GCC_DYNAMIC_NO_PIC = NO;
				GCC_NO_COMMON_BLOCKS = YES;
				GCC_OPTIMIZATION_LEVEL = 0;
				GCC_PREPROCESSOR_DEFINITIONS = (
					"DEBUG=1",
					"$(inherited)",
				);
				GCC_WARN_64_TO_32_BIT_CONVERSION = YES;
				GCC_WARN_ABOUT_RETURN_TYPE = YES_ERROR;
				GCC_WARN_UNDECLARED_SELECTOR = YES;
				GCC_WARN_UNINITIALIZED_AUTOS = YES_AGGRESSIVE;
				GCC_WARN_UNUSED_FUNCTION = YES;
				GCC_WARN_UNUSED_VARIABLE = YES;
				IPHONEOS_DEPLOYMENT_TARGET = 13.1;
				MTL_ENABLE_DEBUG_INFO = INCLUDE_SOURCE;
				MTL_FAST_MATH = YES;
				ONLY_ACTIVE_ARCH = YES;
				SDKROOT = iphoneos;
				SWIFT_ACTIVE_COMPILATION_CONDITIONS = DEBUG;
				SWIFT_OPTIMIZATION_LEVEL = "-Onone";
			};
			name = Debug;
		};
		EE21FD5B2388119800476A4A /* Release */ = {
			isa = XCBuildConfiguration;
			buildSettings = {
				ALWAYS_SEARCH_USER_PATHS = NO;
				CLANG_ANALYZER_NONNULL = YES;
				CLANG_ANALYZER_NUMBER_OBJECT_CONVERSION = YES_AGGRESSIVE;
				CLANG_CXX_LANGUAGE_STANDARD = "gnu++14";
				CLANG_CXX_LIBRARY = "libc++";
				CLANG_ENABLE_MODULES = YES;
				CLANG_ENABLE_OBJC_ARC = YES;
				CLANG_ENABLE_OBJC_WEAK = YES;
				CLANG_WARN_BLOCK_CAPTURE_AUTORELEASING = YES;
				CLANG_WARN_BOOL_CONVERSION = YES;
				CLANG_WARN_COMMA = YES;
				CLANG_WARN_CONSTANT_CONVERSION = YES;
				CLANG_WARN_DEPRECATED_OBJC_IMPLEMENTATIONS = YES;
				CLANG_WARN_DIRECT_OBJC_ISA_USAGE = YES_ERROR;
				CLANG_WARN_DOCUMENTATION_COMMENTS = YES;
				CLANG_WARN_EMPTY_BODY = YES;
				CLANG_WARN_ENUM_CONVERSION = YES;
				CLANG_WARN_INFINITE_RECURSION = YES;
				CLANG_WARN_INT_CONVERSION = YES;
				CLANG_WARN_NON_LITERAL_NULL_CONVERSION = YES;
				CLANG_WARN_OBJC_IMPLICIT_RETAIN_SELF = YES;
				CLANG_WARN_OBJC_LITERAL_CONVERSION = YES;
				CLANG_WARN_OBJC_ROOT_CLASS = YES_ERROR;
				CLANG_WARN_RANGE_LOOP_ANALYSIS = YES;
				CLANG_WARN_STRICT_PROTOTYPES = YES;
				CLANG_WARN_SUSPICIOUS_MOVE = YES;
				CLANG_WARN_UNGUARDED_AVAILABILITY = YES_AGGRESSIVE;
				CLANG_WARN_UNREACHABLE_CODE = YES;
				CLANG_WARN__DUPLICATE_METHOD_MATCH = YES;
				COPY_PHASE_STRIP = NO;
				DEBUG_INFORMATION_FORMAT = "dwarf-with-dsym";
				ENABLE_NS_ASSERTIONS = NO;
				ENABLE_STRICT_OBJC_MSGSEND = YES;
				GCC_C_LANGUAGE_STANDARD = gnu11;
				GCC_NO_COMMON_BLOCKS = YES;
				GCC_WARN_64_TO_32_BIT_CONVERSION = YES;
				GCC_WARN_ABOUT_RETURN_TYPE = YES_ERROR;
				GCC_WARN_UNDECLARED_SELECTOR = YES;
				GCC_WARN_UNINITIALIZED_AUTOS = YES_AGGRESSIVE;
				GCC_WARN_UNUSED_FUNCTION = YES;
				GCC_WARN_UNUSED_VARIABLE = YES;
				IPHONEOS_DEPLOYMENT_TARGET = 13.1;
				MTL_ENABLE_DEBUG_INFO = NO;
				MTL_FAST_MATH = YES;
				SDKROOT = iphoneos;
				SWIFT_COMPILATION_MODE = wholemodule;
				SWIFT_OPTIMIZATION_LEVEL = "-O";
				VALIDATE_PRODUCT = YES;
			};
			name = Release;
		};
		EE21FD5D2388119800476A4A /* Debug */ = {
			isa = XCBuildConfiguration;
			buildSettings = {
				ASSETCATALOG_COMPILER_APPICON_NAME = AppIcon;
				CODE_SIGN_STYLE = Automatic;
				INFOPLIST_FILE = DevigetTest/Info.plist;
				LD_RUNPATH_SEARCH_PATHS = (
					"$(inherited)",
					"@executable_path/Frameworks",
				);
				PRODUCT_BUNDLE_IDENTIFIER = com.personal.DevigetTest;
				PRODUCT_NAME = "$(TARGET_NAME)";
				SWIFT_VERSION = 5.0;
				TARGETED_DEVICE_FAMILY = "1,2";
			};
			name = Debug;
		};
		EE21FD5E2388119800476A4A /* Release */ = {
			isa = XCBuildConfiguration;
			buildSettings = {
				ASSETCATALOG_COMPILER_APPICON_NAME = AppIcon;
				CODE_SIGN_STYLE = Automatic;
				INFOPLIST_FILE = DevigetTest/Info.plist;
				LD_RUNPATH_SEARCH_PATHS = (
					"$(inherited)",
					"@executable_path/Frameworks",
				);
				PRODUCT_BUNDLE_IDENTIFIER = com.personal.DevigetTest;
				PRODUCT_NAME = "$(TARGET_NAME)";
				SWIFT_VERSION = 5.0;
				TARGETED_DEVICE_FAMILY = "1,2";
			};
			name = Release;
		};
		EE21FD602388119800476A4A /* Debug */ = {
			isa = XCBuildConfiguration;
			buildSettings = {
				ALWAYS_EMBED_SWIFT_STANDARD_LIBRARIES = YES;
				BUNDLE_LOADER = "$(TEST_HOST)";
				CODE_SIGN_STYLE = Automatic;
				INFOPLIST_FILE = DevigetTestTests/Info.plist;
				IPHONEOS_DEPLOYMENT_TARGET = 13.1;
				LD_RUNPATH_SEARCH_PATHS = (
					"$(inherited)",
					"@executable_path/Frameworks",
					"@loader_path/Frameworks",
				);
				PRODUCT_BUNDLE_IDENTIFIER = com.personal.DevigetTestTests;
				PRODUCT_NAME = "$(TARGET_NAME)";
				SWIFT_VERSION = 5.0;
				TARGETED_DEVICE_FAMILY = "1,2";
				TEST_HOST = "$(BUILT_PRODUCTS_DIR)/DevigetTest.app/DevigetTest";
			};
			name = Debug;
		};
		EE21FD612388119800476A4A /* Release */ = {
			isa = XCBuildConfiguration;
			buildSettings = {
				ALWAYS_EMBED_SWIFT_STANDARD_LIBRARIES = YES;
				BUNDLE_LOADER = "$(TEST_HOST)";
				CODE_SIGN_STYLE = Automatic;
				INFOPLIST_FILE = DevigetTestTests/Info.plist;
				IPHONEOS_DEPLOYMENT_TARGET = 13.1;
				LD_RUNPATH_SEARCH_PATHS = (
					"$(inherited)",
					"@executable_path/Frameworks",
					"@loader_path/Frameworks",
				);
				PRODUCT_BUNDLE_IDENTIFIER = com.personal.DevigetTestTests;
				PRODUCT_NAME = "$(TARGET_NAME)";
				SWIFT_VERSION = 5.0;
				TARGETED_DEVICE_FAMILY = "1,2";
				TEST_HOST = "$(BUILT_PRODUCTS_DIR)/DevigetTest.app/DevigetTest";
			};
			name = Release;
		};
/* End XCBuildConfiguration section */

/* Begin XCConfigurationList section */
		EE21FD382388119500476A4A /* Build configuration list for PBXProject "DevigetTest" */ = {
			isa = XCConfigurationList;
			buildConfigurations = (
				EE21FD5A2388119800476A4A /* Debug */,
				EE21FD5B2388119800476A4A /* Release */,
			);
			defaultConfigurationIsVisible = 0;
			defaultConfigurationName = Release;
		};
		EE21FD5C2388119800476A4A /* Build configuration list for PBXNativeTarget "DevigetTest" */ = {
			isa = XCConfigurationList;
			buildConfigurations = (
				EE21FD5D2388119800476A4A /* Debug */,
				EE21FD5E2388119800476A4A /* Release */,
			);
			defaultConfigurationIsVisible = 0;
			defaultConfigurationName = Release;
		};
		EE21FD5F2388119800476A4A /* Build configuration list for PBXNativeTarget "DevigetTestTests" */ = {
			isa = XCConfigurationList;
			buildConfigurations = (
				EE21FD602388119800476A4A /* Debug */,
				EE21FD612388119800476A4A /* Release */,
			);
			defaultConfigurationIsVisible = 0;
			defaultConfigurationName = Release;
		};
/* End XCConfigurationList section */
	};
	rootObject = EE21FD352388119500476A4A /* Project object */;
}
